
Microsoft Visual Studio Solution File, Format Version 12.00
# Visual Studio Version 17
VisualStudioVersion = 17.7.34031.279
MinimumVisualStudioVersion = 10.0.40219.1
Project("{9A19103F-16F7-4668-BE54-9A1E7A4F7556}") = "ANGEL PROJECT", "ANGEL PROJECT\ANGEL PROJECT.csproj", "{13149CA3-4CC3-4DFD-AF3E-8087D50C2953}"
EndProject
Project("{00D1A9C2-B5F0-4AF3-8072-F6C62B433612}") = "EscotonCompany", "EscotonCompany\EscotonCompany.sqlproj", "{17C1C033-073C-4F05-B6E7-BDCB7C98E49C}"
EndProject
Global
	GlobalSection(SolutionConfigurationPlatforms) = preSolution
		Debug|Any CPU = Debug|Any CPU
		Release|Any CPU = Release|Any CPU
	EndGlobalSection
	GlobalSection(ProjectConfigurationPlatforms) = postSolution
		{13149CA3-4CC3-4DFD-AF3E-8087D50C2953}.Debug|Any CPU.ActiveCfg = Debug|Any CPU
		{13149CA3-4CC3-4DFD-AF3E-8087D50C2953}.Debug|Any CPU.Build.0 = Debug|Any CPU
		{13149CA3-4CC3-4DFD-AF3E-8087D50C2953}.Release|Any CPU.ActiveCfg = Release|Any CPU
		{13149CA3-4CC3-4DFD-AF3E-8087D50C2953}.Release|Any CPU.Build.0 = Release|Any CPU
		{17C1C033-073C-4F05-B6E7-BDCB7C98E49C}.Debug|Any CPU.ActiveCfg = Debug|Any CPU
		{17C1C033-073C-4F05-B6E7-BDCB7C98E49C}.Debug|Any CPU.Build.0 = Debug|Any CPU
		{17C1C033-073C-4F05-B6E7-BDCB7C98E49C}.Debug|Any CPU.Deploy.0 = Debug|Any CPU
		{17C1C033-073C-4F05-B6E7-BDCB7C98E49C}.Release|Any CPU.ActiveCfg = Release|Any CPU
		{17C1C033-073C-4F05-B6E7-BDCB7C98E49C}.Release|Any CPU.Build.0 = Release|Any CPU
		{17C1C033-073C-4F05-B6E7-BDCB7C98E49C}.Release|Any CPU.Deploy.0 = Release|Any CPU
	EndGlobalSection
	GlobalSection(SolutionProperties) = preSolution
		HideSolutionNode = FALSE
	EndGlobalSection
	GlobalSection(ExtensibilityGlobals) = postSolution
		SolutionGuid = {A31082E3-6EAA-44BD-B165-7AFCB76D89C2}
	EndGlobalSection
EndGlobal
